
Microsoft Visual Studio Solution File, Format Version 12.00
# Visual Studio Version 17
VisualStudioVersion = 17.6.33717.318
MinimumVisualStudioVersion = 10.0.40219.1
Project("{FAE04EC0-301F-11D3-BF4B-00C04F79EFBC}") = "TodoApp.Infrastructure", "src\Infrastucture\TodoApp.Infrastructure\TodoApp.Infrastructure.csproj", "{94F3E7C4-1DFE-4431-8A1C-6EC1C8C76E81}"
EndProject
Project("{FAE04EC0-301F-11D3-BF4B-00C04F79EFBC}") = "TodoApp.Domain", "src\Domain\TodoApp.Domain\TodoApp.Domain.csproj", "{12A75FCF-D3F9-44E0-BAAE-D3F572520E33}"
EndProject
Project("{FAE04EC0-301F-11D3-BF4B-00C04F79EFBC}") = "TodoApp.Application", "src\Application\TodoApp.Application\TodoApp.Application.csproj", "{825DC998-B7C3-4C45-8D88-60F2F9BEC8AB}"
EndProject
Project("{FAE04EC0-301F-11D3-BF4B-00C04F79EFBC}") = "TodoApp.BackgroundJobs", "src\BackgroundJobs\TodoApp.BackgroundJobs\TodoApp.BackgroundJobs.csproj", "{8E8F46B6-237A-410D-AE94-1CB63FEA14F5}"
EndProject
Project("{FAE04EC0-301F-11D3-BF4B-00C04F79EFBC}") = "TodoApp.WebUI", "src\WebUI\TodoApp.WebUI\TodoApp.WebUI.csproj", "{25FA7BA8-53CB-4EFC-A3B6-72BE615C9F8E}"
EndProject
Global
	GlobalSection(SolutionConfigurationPlatforms) = preSolution
		Debug|Any CPU = Debug|Any CPU
		Release|Any CPU = Release|Any CPU
	EndGlobalSection
	GlobalSection(ProjectConfigurationPlatforms) = postSolution
		{94F3E7C4-1DFE-4431-8A1C-6EC1C8C76E81}.Debug|Any CPU.ActiveCfg = Debug|Any CPU
		{94F3E7C4-1DFE-4431-8A1C-6EC1C8C76E81}.Debug|Any CPU.Build.0 = Debug|Any CPU
		{94F3E7C4-1DFE-4431-8A1C-6EC1C8C76E81}.Release|Any CPU.ActiveCfg = Release|Any CPU
		{94F3E7C4-1DFE-4431-8A1C-6EC1C8C76E81}.Release|Any CPU.Build.0 = Release|Any CPU
		{12A75FCF-D3F9-44E0-BAAE-D3F572520E33}.Debug|Any CPU.ActiveCfg = Debug|Any CPU
		{12A75FCF-D3F9-44E0-BAAE-D3F572520E33}.Debug|Any CPU.Build.0 = Debug|Any CPU
		{12A75FCF-D3F9-44E0-BAAE-D3F572520E33}.Release|Any CPU.ActiveCfg = Release|Any CPU
		{12A75FCF-D3F9-44E0-BAAE-D3F572520E33}.Release|Any CPU.Build.0 = Release|Any CPU
		{825DC998-B7C3-4C45-8D88-60F2F9BEC8AB}.Debug|Any CPU.ActiveCfg = Debug|Any CPU
		{825DC998-B7C3-4C45-8D88-60F2F9BEC8AB}.Debug|Any CPU.Build.0 = Debug|Any CPU
		{825DC998-B7C3-4C45-8D88-60F2F9BEC8AB}.Release|Any CPU.ActiveCfg = Release|Any CPU
		{825DC998-B7C3-4C45-8D88-60F2F9BEC8AB}.Release|Any CPU.Build.0 = Release|Any CPU
		{8E8F46B6-237A-410D-AE94-1CB63FEA14F5}.Debug|Any CPU.ActiveCfg = Debug|Any CPU
		{8E8F46B6-237A-410D-AE94-1CB63FEA14F5}.Debug|Any CPU.Build.0 = Debug|Any CPU
		{8E8F46B6-237A-410D-AE94-1CB63FEA14F5}.Release|Any CPU.ActiveCfg = Release|Any CPU
		{8E8F46B6-237A-410D-AE94-1CB63FEA14F5}.Release|Any CPU.Build.0 = Release|Any CPU
		{25FA7BA8-53CB-4EFC-A3B6-72BE615C9F8E}.Debug|Any CPU.ActiveCfg = Debug|Any CPU
		{25FA7BA8-53CB-4EFC-A3B6-72BE615C9F8E}.Debug|Any CPU.Build.0 = Debug|Any CPU
		{25FA7BA8-53CB-4EFC-A3B6-72BE615C9F8E}.Release|Any CPU.ActiveCfg = Release|Any CPU
		{25FA7BA8-53CB-4EFC-A3B6-72BE615C9F8E}.Release|Any CPU.Build.0 = Release|Any CPU
	EndGlobalSection
	GlobalSection(SolutionProperties) = preSolution
		HideSolutionNode = FALSE
	EndGlobalSection
	GlobalSection(ExtensibilityGlobals) = postSolution
		SolutionGuid = {DC7572BF-504B-481A-8294-83FDD1448218}
	EndGlobalSection
EndGlobal
