
Microsoft Visual Studio Solution File, Format Version 12.00
# Visual Studio Version 17
VisualStudioVersion = 17.4.33213.308
MinimumVisualStudioVersion = 10.0.40219.1
Project("{FAE04EC0-301F-11D3-BF4B-00C04F79EFBC}") = "PasswordValidationProgram", "PasswordValidationProgram.csproj", "{43E31C6C-E149-4470-A419-67F4F7A218C3}"
EndProject
Global
	GlobalSection(SolutionConfigurationPlatforms) = preSolution
		Debug|Any CPU = Debug|Any CPU
		Release|Any CPU = Release|Any CPU
	EndGlobalSection
	GlobalSection(ProjectConfigurationPlatforms) = postSolution
		{43E31C6C-E149-4470-A419-67F4F7A218C3}.Debug|Any CPU.ActiveCfg = Debug|Any CPU
		{43E31C6C-E149-4470-A419-67F4F7A218C3}.Debug|Any CPU.Build.0 = Debug|Any CPU
		{43E31C6C-E149-4470-A419-67F4F7A218C3}.Release|Any CPU.ActiveCfg = Release|Any CPU
		{43E31C6C-E149-4470-A419-67F4F7A218C3}.Release|Any CPU.Build.0 = Release|Any CPU
	EndGlobalSection
	GlobalSection(SolutionProperties) = preSolution
		HideSolutionNode = FALSE
	EndGlobalSection
	GlobalSection(ExtensibilityGlobals) = postSolution
		SolutionGuid = {F8C8D215-E8E4-4E72-8258-9A8B2FDC1B95}
	EndGlobalSection
EndGlobal
