
Microsoft Visual Studio Solution File, Format Version 12.00
# Visual Studio Version 17
VisualStudioVersion = 17.4.33213.308
MinimumVisualStudioVersion = 10.0.40219.1
Project("{FAE04EC0-301F-11D3-BF4B-00C04F79EFBC}") = "SchoolManagementSystem", "SchoolManagementSystem.csproj", "{C5375DCC-E773-4A8D-B158-80F6F46D63CA}"
EndProject
Global
	GlobalSection(SolutionConfigurationPlatforms) = preSolution
		Debug|Any CPU = Debug|Any CPU
		Release|Any CPU = Release|Any CPU
	EndGlobalSection
	GlobalSection(ProjectConfigurationPlatforms) = postSolution
		{C5375DCC-E773-4A8D-B158-80F6F46D63CA}.Debug|Any CPU.ActiveCfg = Debug|Any CPU
		{C5375DCC-E773-4A8D-B158-80F6F46D63CA}.Debug|Any CPU.Build.0 = Debug|Any CPU
		{C5375DCC-E773-4A8D-B158-80F6F46D63CA}.Release|Any CPU.ActiveCfg = Release|Any CPU
		{C5375DCC-E773-4A8D-B158-80F6F46D63CA}.Release|Any CPU.Build.0 = Release|Any CPU
	EndGlobalSection
	GlobalSection(SolutionProperties) = preSolution
		HideSolutionNode = FALSE
	EndGlobalSection
	GlobalSection(ExtensibilityGlobals) = postSolution
		SolutionGuid = {8F85F4CF-FA00-4EF5-88DE-8EB371FFFE69}
	EndGlobalSection
EndGlobal
